{
  "lockfileVersion": 1,
  "configVersion": 1,
  "workspaces": {
    "": {
      "name": "changebot-monitor",
      "dependencies": {
        "@types/shelljs": "^0.10.0",
        "@typescript/native-preview": "^7.0.0-dev.20260102.1",
        "@xmldom/xmldom": "^0.8.10",
        "cheerio": "^1.0.0-rc.12",
        "diff": "^8.0.0",
        "lefthook": "^2.0.13",
        "shelljs": "^0.10.0",
        "xpath": "^0.0.34",
      },
      "devDependencies": {
        "@biomejs/biome": "2.4.1",
        "@types/bun": "1.3.9",
        "@types/diff": "8.0.0",
        "@types/node": "25.2.3",
        "knip": "5.83.1",
        "typescript": "5.9.3",
      },
      "peerDependencies": {
        "typescript": "^5",
      },
    },
  },
  "packages": {
    "@biomejs/biome": ["@biomejs/biome@2.4.1", "", { "optionalDependencies": { "@biomejs/cli-darwin-arm64": "2.4.1", "@biomejs/cli-darwin-x64": "2.4.1", "@biomejs/cli-linux-arm64": "2.4.1", "@biomejs/cli-linux-arm64-musl": "2.4.1", "@biomejs/cli-linux-x64": "2.4.1", "@biomejs/cli-linux-x64-musl": "2.4.1", "@biomejs/cli-win32-arm64": "2.4.1", "@biomejs/cli-win32-x64": "2.4.1" }, "bin": { "biome": "bin/biome" } }, "sha512-8c5DZQl1hfpLRlTZ21W5Ef2R314E4UJUEtkMbo303ElTVe6fYtapwldv7tZlgwm+9YP0Mhk7dUSTkOY8nQ2/2w=="],

    "@biomejs/cli-darwin-arm64": ["@biomejs/cli-darwin-arm64@2.4.1", "", { "os": "darwin", "cpu": "arm64" }, "sha512-wKiX2znbgFRaivRplSbu53hiREp1ohlGRuWqOL90IPetLi5E32tkiMYu8uSLXVzDgbIVM58WsesPaczIVtJkOQ=="],

    "@biomejs/cli-darwin-x64": ["@biomejs/cli-darwin-x64@2.4.1", "", { "os": "darwin", "cpu": "x64" }, "sha512-rxLYVg3skeXh9K0om7JdkKcCdvtqrF9ECZ7dsmLuYObboK7DZ1J0z6xc2NGKSXw+cEQo3ie6NQgWBcdGJ16yQg=="],

    "@biomejs/cli-linux-arm64": ["@biomejs/cli-linux-arm64@2.4.1", "", { "os": "linux", "cpu": "arm64" }, "sha512-nlGO5KzoEKhGj2i3QXyyNCeFk8SVwyes0wo0/X9w943darnlAHfi8MYYunPf8lsz5C0JaH6pJYB6D9HnDwUPQA=="],

    "@biomejs/cli-linux-arm64-musl": ["@biomejs/cli-linux-arm64-musl@2.4.1", "", { "os": "linux", "cpu": "arm64" }, "sha512-Brwh/QL3wfX5UyZcyEamS1Q+EF8Q7ud+MS5mq/9BWX2ArfxQlgsqlukwK92xrGpXWcspXkSG9U0CoxvCZZkTKQ=="],

    "@biomejs/cli-linux-x64": ["@biomejs/cli-linux-x64@2.4.1", "", { "os": "linux", "cpu": "x64" }, "sha512-Rmhm/mQ/3pejy1WtWLKurV1fN6zvCrqKz/ART2ZzgqY4ozL07uys5R9jA0A+yLjA79JTkcpIe85ygXv0FnSPRg=="],

    "@biomejs/cli-linux-x64-musl": ["@biomejs/cli-linux-x64-musl@2.4.1", "", { "os": "linux", "cpu": "x64" }, "sha512-kz1QpA+PXouNyWw2VzeoMlzMn99hlyOC/El2uSy+DS8gcb6tOsKEeZ5e2onnFIfZKe9AeKMFbTowDNLXwjwGjw=="],

    "@biomejs/cli-win32-arm64": ["@biomejs/cli-win32-arm64@2.4.1", "", { "os": "win32", "cpu": "arm64" }, "sha512-e+PrlbQ/tez7W9EAzzCGUH1ovq31kR5r8sfCDzasrmoADLnDafet8pA8LdXnt0GwkeOem5Hz6WHCVZPRmaXiXw=="],

    "@biomejs/cli-win32-x64": ["@biomejs/cli-win32-x64@2.4.1", "", { "os": "win32", "cpu": "x64" }, "sha512-kfjOCzvaHC7olg8pmEuSsYzHntxdipkAGzr5nFiaEU2EPDWRE/myqUBaFDl9pHqEc8yEtQFiXF945PlTSkuOTw=="],

    "@emnapi/core": ["@emnapi/core@1.8.1", "", { "dependencies": { "@emnapi/wasi-threads": "1.1.0", "tslib": "^2.4.0" } }, "sha512-AvT9QFpxK0Zd8J0jopedNm+w/2fIzvtPKPjqyw9jwvBaReTTqPBk9Hixaz7KbjimP+QNz605/XnjFcDAL2pqBg=="],

    "@emnapi/runtime": ["@emnapi/runtime@1.8.1", "", { "dependencies": { "tslib": "^2.4.0" } }, "sha512-mehfKSMWjjNol8659Z8KxEMrdSJDDot5SXMq00dM8BN4o+CLNXQ0xH2V7EchNHV4RmbZLmmPdEaXZc5H2FXmDg=="],

    "@emnapi/wasi-threads": ["@emnapi/wasi-threads@1.1.0", "", { "dependencies": { "tslib": "^2.4.0" } }, "sha512-WI0DdZ8xFSbgMjR1sFsKABJ/C5OnRrjT06JXbZKexJGrDuPTzZdDYfFlsgcCXCyf+suG5QU2e/y1Wo2V/OapLQ=="],

    "@napi-rs/wasm-runtime": ["@napi-rs/wasm-runtime@1.1.1", "", { "dependencies": { "@emnapi/core": "^1.7.1", "@emnapi/runtime": "^1.7.1", "@tybys/wasm-util": "^0.10.1" } }, "sha512-p64ah1M1ld8xjWv3qbvFwHiFVWrq1yFvV4f7w+mzaqiR4IlSgkqhcRdHwsGgomwzBH51sRY4NEowLxnaBjcW/A=="],

    "@nodelib/fs.scandir": ["@nodelib/fs.scandir@2.1.5", "", { "dependencies": { "@nodelib/fs.stat": "2.0.5", "run-parallel": "^1.1.9" } }, "sha512-vq24Bq3ym5HEQm2NKCr3yXDwjc7vTsEThRDnkp2DK9p1uqLR+DHurm/NOTo0KG7HYHU7eppKZj3MyqYuMBf62g=="],

    "@nodelib/fs.stat": ["@nodelib/fs.stat@2.0.5", "", {}, "sha512-RkhPPp2zrqDAQA/2jNhnztcPAlv64XdhIp7a7454A5ovI7Bukxgt7MX7udwAu3zg1DcpPU0rz3VV1SeaqvY4+A=="],

    "@nodelib/fs.walk": ["@nodelib/fs.walk@1.2.8", "", { "dependencies": { "@nodelib/fs.scandir": "2.1.5", "fastq": "^1.6.0" } }, "sha512-oGB+UxlgWcgQkgwo8GcEGwemoTFt3FIO9ababBmaGwXIoBKZ+GTy0pP185beGg7Llih/NSHSV2XAs1lnznocSg=="],

    "@oxc-resolver/binding-android-arm-eabi": ["@oxc-resolver/binding-android-arm-eabi@11.17.1", "", { "os": "android", "cpu": "arm" }, "sha512-+VuZyMYYaap5uDAU1xDU3Kul0FekLqpBS8kI5JozlWfYQKnc/HsZg2gHPkQrj0SC9lt74WMNCfOzZZJlYXSdEQ=="],

    "@oxc-resolver/binding-android-arm64": ["@oxc-resolver/binding-android-arm64@11.17.1", "", { "os": "android", "cpu": "arm64" }, "sha512-YlDDTjvOEKhom/cRSVsXsMVeXVIAM9PJ/x2mfe08rfuS0iIEfJd8PngKbEIhG72WPxleUa+vkEZj9ncmC14z3Q=="],

    "@oxc-resolver/binding-darwin-arm64": ["@oxc-resolver/binding-darwin-arm64@11.17.1", "", { "os": "darwin", "cpu": "arm64" }, "sha512-HOYYLSY4JDk14YkXaz/ApgJYhgDP4KsG8EZpgpOxdszGW9HmIMMY/vXqVKYW74dSH+GQkIXYxBrEh3nv+XODVg=="],

    "@oxc-resolver/binding-darwin-x64": ["@oxc-resolver/binding-darwin-x64@11.17.1", "", { "os": "darwin", "cpu": "x64" }, "sha512-JHPJbsa5HvPq2/RIdtGlqfaG9zV2WmgvHrKTYmlW0L5esqtKCBuetFudXTBzkNcyD69kSZLzH92AzTr6vFHMFg=="],

    "@oxc-resolver/binding-freebsd-x64": ["@oxc-resolver/binding-freebsd-x64@11.17.1", "", { "os": "freebsd", "cpu": "x64" }, "sha512-UD1FRC8j8xZstFXYsXwQkNmmg7vUbee006IqxokwDUUA+xEgKZDpLhBEiVKM08Urb+bn7Q0gn6M1pyNR0ng5mg=="],

    "@oxc-resolver/binding-linux-arm-gnueabihf": ["@oxc-resolver/binding-linux-arm-gnueabihf@11.17.1", "", { "os": "linux", "cpu": "arm" }, "sha512-wFWC1wyf2ROFWTxK5x0Enm++DSof3EBQ/ypyAesMDLiYxOOASDoMOZG1ylWUnlKaCt5W7eNOWOzABpdfFf/ssA=="],

    "@oxc-resolver/binding-linux-arm-musleabihf": ["@oxc-resolver/binding-linux-arm-musleabihf@11.17.1", "", { "os": "linux", "cpu": "arm" }, "sha512-k/hUif0GEBk/csSqCfTPXb8AAVs1NNWCa/skBghvNbTtORcWfOVqJ3mM+2pE189+enRm4UnryLREu5ysI0kXEQ=="],

    "@oxc-resolver/binding-linux-arm64-gnu": ["@oxc-resolver/binding-linux-arm64-gnu@11.17.1", "", { "os": "linux", "cpu": "arm64" }, "sha512-Cwm6A071ww60QouJ9LoHAwBgEoZzHQ0Qaqk2E7WLfBdiQN9mLXIDhnrpn04hlRElRPhLiu/dtg+o5PPLvaINXQ=="],

    "@oxc-resolver/binding-linux-arm64-musl": ["@oxc-resolver/binding-linux-arm64-musl@11.17.1", "", { "os": "linux", "cpu": "arm64" }, "sha512-+hwlE2v3m0r3sk93SchJL1uyaKcPjf+NGO/TD2DZUDo+chXx7FfaEj0nUMewigSt7oZ2sQN9Z4NJOtUa75HE5Q=="],

    "@oxc-resolver/binding-linux-ppc64-gnu": ["@oxc-resolver/binding-linux-ppc64-gnu@11.17.1", "", { "os": "linux", "cpu": "ppc64" }, "sha512-bO+rsaE5Ox8cFyeL5Ct5tzot1TnQpFa/Wmu5k+hqBYSH2dNVDGoi0NizBN5QV8kOIC6O5MZr81UG4yW/2FyDTA=="],

    "@oxc-resolver/binding-linux-riscv64-gnu": ["@oxc-resolver/binding-linux-riscv64-gnu@11.17.1", "", { "os": "linux", "cpu": "none" }, "sha512-B/P+hxKQ1oX4YstI9Lyh4PGzqB87Ddqj/A4iyRBbPdXTcxa+WW3oRLx1CsJKLmHPdDk461Hmbghq1Bm3pl+8Aw=="],

    "@oxc-resolver/binding-linux-riscv64-musl": ["@oxc-resolver/binding-linux-riscv64-musl@11.17.1", "", { "os": "linux", "cpu": "none" }, "sha512-ulp2H3bFXzd/th2maH+QNKj5qgOhJ3v9Yspdf1svTw3CDOuuTl6sRKsWQ7MUw0vnkSNvQndtflBwVXgzZvURsQ=="],

    "@oxc-resolver/binding-linux-s390x-gnu": ["@oxc-resolver/binding-linux-s390x-gnu@11.17.1", "", { "os": "linux", "cpu": "s390x" }, "sha512-LAXYVe3rKk09Zo9YKF2ZLBcH8sz8Oj+JIyiUxiHtq0hiYLMsN6dOpCf2hzQEjPAmsSEA/hdC1PVKeXo+oma8mQ=="],

    "@oxc-resolver/binding-linux-x64-gnu": ["@oxc-resolver/binding-linux-x64-gnu@11.17.1", "", { "os": "linux", "cpu": "x64" }, "sha512-3RAhxipMKE8RCSPn7O//sj440i+cYTgYbapLeOoDvQEt6R1QcJjTsFgI4iz99FhVj3YbPxlZmcLB5VW+ipyRTA=="],

    "@oxc-resolver/binding-linux-x64-musl": ["@oxc-resolver/binding-linux-x64-musl@11.17.1", "", { "os": "linux", "cpu": "x64" }, "sha512-wpjMEubGU8r9VjZTLdZR3aPHaBqTl8Jl8F4DBbgNoZ+yhkhQD1/MGvY70v2TLnAI6kAHSvcqgfvaqKDa2iWsPQ=="],

    "@oxc-resolver/binding-openharmony-arm64": ["@oxc-resolver/binding-openharmony-arm64@11.17.1", "", { "os": "none", "cpu": "arm64" }, "sha512-XIE4w17RYAVIgx+9Gs3deTREq5tsmalbatYOOBGNdH7n0DfTE600c7wYXsp7ANc3BPDXsInnOzXDEPCvO1F6cg=="],

    "@oxc-resolver/binding-wasm32-wasi": ["@oxc-resolver/binding-wasm32-wasi@11.17.1", "", { "dependencies": { "@napi-rs/wasm-runtime": "^1.1.1" }, "cpu": "none" }, "sha512-Lqi5BlHX3zS4bpSOkIbOKVf7DIk6Gvmdifr2OuOI58eUUyP944M8/OyaB09cNpPy9Vukj7nmmhOzj8pwLgAkIg=="],

    "@oxc-resolver/binding-win32-arm64-msvc": ["@oxc-resolver/binding-win32-arm64-msvc@11.17.1", "", { "os": "win32", "cpu": "arm64" }, "sha512-l6lTcLBQVj1HNquFpXSsrkCIM8X5Hlng5YNQJrg00z/KyovvDV5l3OFhoRyZ+aLBQ74zUnMRaJZC7xcBnHyeNg=="],

    "@oxc-resolver/binding-win32-ia32-msvc": ["@oxc-resolver/binding-win32-ia32-msvc@11.17.1", "", { "os": "win32", "cpu": "ia32" }, "sha512-VTzVtfnCCsU/6GgvursWoyZrhe3Gj/RyXzDWmh4/U1Y3IW0u1FZbp+hCIlBL16pRPbDc5YvXVtCOnA41QOrOoQ=="],

    "@oxc-resolver/binding-win32-x64-msvc": ["@oxc-resolver/binding-win32-x64-msvc@11.17.1", "", { "os": "win32", "cpu": "x64" }, "sha512-jRPVU+6/12baj87q2+UGRh30FBVBzqKdJ7rP/mSqiL1kpNQB9yZ1j0+m3sru1m+C8hiFK7lBFwjUtYUBI7+UpQ=="],

    "@tybys/wasm-util": ["@tybys/wasm-util@0.10.1", "", { "dependencies": { "tslib": "^2.4.0" } }, "sha512-9tTaPJLSiejZKx+Bmog4uSubteqTvFrVrURwkmHixBo0G4seD0zUxp98E1DzUBJxLQ3NPwXrGKDiVjwx/DpPsg=="],

    "@types/bun": ["@types/bun@1.3.9", "", { "dependencies": { "bun-types": "1.3.9" } }, "sha512-KQ571yULOdWJiMH+RIWIOZ7B2RXQGpL1YQrBtLIV3FqDcCu6FsbFUBwhdKUlCKUpS3PJDsHlJ1QKlpxoVR+xtw=="],

    "@types/diff": ["@types/diff@8.0.0", "", { "dependencies": { "diff": "*" } }, "sha512-o7jqJM04gfaYrdCecCVMbZhNdG6T1MHg/oQoRFdERLV+4d+V7FijhiEAbFu0Usww84Yijk9yH58U4Jk4HbtzZw=="],

    "@types/node": ["@types/node@25.2.3", "", { "dependencies": { "undici-types": "~7.16.0" } }, "sha512-m0jEgYlYz+mDJZ2+F4v8D1AyQb+QzsNqRuI7xg1VQX/KlKS0qT9r1Mo16yo5F/MtifXFgaofIFsdFMox2SxIbQ=="],

    "@types/shelljs": ["@types/shelljs@0.10.0", "", { "dependencies": { "@types/node": "*", "fast-glob": "^3.3.2" } }, "sha512-OEfyhE5Ox+FeoHbhrEDwm0kXxntO6nsyMRCFvNsIBHPZu5rV1w2OjPcLclaC/IZ1TlzZPgbeMfwAZEi5N238yQ=="],

    "@typescript/native-preview": ["@typescript/native-preview@7.0.0-dev.20260215.1", "", { "optionalDependencies": { "@typescript/native-preview-darwin-arm64": "7.0.0-dev.20260215.1", "@typescript/native-preview-darwin-x64": "7.0.0-dev.20260215.1", "@typescript/native-preview-linux-arm": "7.0.0-dev.20260215.1", "@typescript/native-preview-linux-arm64": "7.0.0-dev.20260215.1", "@typescript/native-preview-linux-x64": "7.0.0-dev.20260215.1", "@typescript/native-preview-win32-arm64": "7.0.0-dev.20260215.1", "@typescript/native-preview-win32-x64": "7.0.0-dev.20260215.1" }, "bin": { "tsgo": "bin/tsgo.js" } }, "sha512-grs0BbJyPR7VLNerBVteEToPku1InMKVKVKBUTJi19LfK+LU3+pkU6/fsTfZhH3xmIzIxD/sNRQHLt4x/Yb9yg=="],

    "@typescript/native-preview-darwin-arm64": ["@typescript/native-preview-darwin-arm64@7.0.0-dev.20260215.1", "", { "os": "darwin", "cpu": "arm64" }, "sha512-icVO/hEMXjWlKhmpjIpqDyCzPvtHqfrPB+2rkd6M3rz84Bmw+o8Xgd7JvRxryZhR+D0y55me/bKh9xgvsgzuhA=="],

    "@typescript/native-preview-darwin-x64": ["@typescript/native-preview-darwin-x64@7.0.0-dev.20260215.1", "", { "os": "darwin", "cpu": "x64" }, "sha512-Wz73wf1o9+4KwCLg8wnnIZZDAvv2KRZlDyP4X8GfBNzajfIAwYvI0ANWuIDznUUGeDAcqhBJXNe0Bkf4H9y4mg=="],

    "@typescript/native-preview-linux-arm": ["@typescript/native-preview-linux-arm@7.0.0-dev.20260215.1", "", { "os": "linux", "cpu": "arm" }, "sha512-6WVXFVSp3LBBiBgBMtAHQgTDN72mDhgjrmXH7GoABTxR9asK8oPfmy5cwTp1sPD46pYhqjnSHMrARyg2FaNSeA=="],

    "@typescript/native-preview-linux-arm64": ["@typescript/native-preview-linux-arm64@7.0.0-dev.20260215.1", "", { "os": "linux", "cpu": "arm64" }, "sha512-AYyXRxVwLZzfkEYN8FGdV4vqXwbTmv93nAZ6gMLvpDG4ItOybAE1R2obFjlFc+Or/rfQmVvfdkTym3c4bRJ3XQ=="],

    "@typescript/native-preview-linux-x64": ["@typescript/native-preview-linux-x64@7.0.0-dev.20260215.1", "", { "os": "linux", "cpu": "x64" }, "sha512-Ui6qbTO+nE7fwh5OGTGfL4ndaT+SpiUiv0F1m3+nMaiAKysY5GbgXUfzWzkSrOODsT8F/4jZ4wCzEzJordt8sQ=="],

    "@typescript/native-preview-win32-arm64": ["@typescript/native-preview-win32-arm64@7.0.0-dev.20260215.1", "", { "os": "win32", "cpu": "arm64" }, "sha512-dBFyAH9h3bMUaIp/84c3gKwyQ6jQmtzVoIBamSrYNw0xinJ56A/Ln5igdNOYrH8+/Aofmeh7pAWaa8U456XMjw=="],

    "@typescript/native-preview-win32-x64": ["@typescript/native-preview-win32-x64@7.0.0-dev.20260215.1", "", { "os": "win32", "cpu": "x64" }, "sha512-bEMSwX71OGGvfsfHEa/aX7ZUWbPSI2oKEmeWcDQVY8vH1VK1ZwcFzMhKfgVJPt5pKH2bK3EO3xYnAyKkDO/Ung=="],

    "@xmldom/xmldom": ["@xmldom/xmldom@0.8.11", "", {}, "sha512-cQzWCtO6C8TQiYl1ruKNn2U6Ao4o4WBBcbL61yJl84x+j5sOWWFU9X7DpND8XZG3daDppSsigMdfAIl2upQBRw=="],

    "argparse": ["argparse@2.0.1", "", {}, "sha512-8+9WqebbFzpX9OR+Wa6O29asIogeRMzcGtAINdpMHHyAg10f05aSFVBbcEqGf/PXw1EjAZ+q2/bEBg3DvurK3Q=="],

    "boolbase": ["boolbase@1.0.0", "", {}, "sha512-JZOSA7Mo9sNGB8+UjSgzdLtokWAky1zbztM3WRLCbZ70/3cTANmQmOdR7y2g+J0e2WXywy1yS468tY+IruqEww=="],

    "braces": ["braces@3.0.3", "", { "dependencies": { "fill-range": "^7.1.1" } }, "sha512-yQbXgO/OSZVD2IsiLlro+7Hf6Q18EJrKSEsdoMzKePKXct3gvD8oLcOQdIzGupr5Fj+EDe8gO/lxc1BzfMpxvA=="],

    "bun-types": ["bun-types@1.3.9", "", { "dependencies": { "@types/node": "*" } }, "sha512-+UBWWOakIP4Tswh0Bt0QD0alpTY8cb5hvgiYeWCMet9YukHbzuruIEeXC2D7nMJPB12kbh8C7XJykSexEqGKJg=="],

    "cheerio": ["cheerio@1.2.0", "", { "dependencies": { "cheerio-select": "^2.1.0", "dom-serializer": "^2.0.0", "domhandler": "^5.0.3", "domutils": "^3.2.2", "encoding-sniffer": "^0.2.1", "htmlparser2": "^10.1.0", "parse5": "^7.3.0", "parse5-htmlparser2-tree-adapter": "^7.1.0", "parse5-parser-stream": "^7.1.2", "undici": "^7.19.0", "whatwg-mimetype": "^4.0.0" } }, "sha512-WDrybc/gKFpTYQutKIK6UvfcuxijIZfMfXaYm8NMsPQxSYvf+13fXUJ4rztGGbJcBQ/GF55gvrZ0Bc0bj/mqvg=="],

    "cheerio-select": ["cheerio-select@2.1.0", "", { "dependencies": { "boolbase": "^1.0.0", "css-select": "^5.1.0", "css-what": "^6.1.0", "domelementtype": "^2.3.0", "domhandler": "^5.0.3", "domutils": "^3.0.1" } }, "sha512-9v9kG0LvzrlcungtnJtpGNxY+fzECQKhK4EGJX2vByejiMX84MFNQw4UxPJl3bFbTMw+Dfs37XaIkCwTZfLh4g=="],

    "cross-spawn": ["cross-spawn@7.0.6", "", { "dependencies": { "path-key": "^3.1.0", "shebang-command": "^2.0.0", "which": "^2.0.1" } }, "sha512-uV2QOWP2nWzsy2aMp8aRibhi9dlzF5Hgh5SHaB9OiTGEyDTiJJyx0uy51QXdyWbtAHNua4XJzUKca3OzKUd3vA=="],

    "css-select": ["css-select@5.2.2", "", { "dependencies": { "boolbase": "^1.0.0", "css-what": "^6.1.0", "domhandler": "^5.0.2", "domutils": "^3.0.1", "nth-check": "^2.0.1" } }, "sha512-TizTzUddG/xYLA3NXodFM0fSbNizXjOKhqiQQwvhlspadZokn1KDy0NZFS0wuEubIYAV5/c1/lAr0TaaFXEXzw=="],

    "css-what": ["css-what@6.2.2", "", {}, "sha512-u/O3vwbptzhMs3L1fQE82ZSLHQQfto5gyZzwteVIEyeaY5Fc7R4dapF/BvRoSYFeqfBk4m0V1Vafq5Pjv25wvA=="],

    "diff": ["diff@8.0.3", "", {}, "sha512-qejHi7bcSD4hQAZE0tNAawRK1ZtafHDmMTMkrrIGgSLl7hTnQHmKCeB45xAcbfTqK2zowkM3j3bHt/4b/ARbYQ=="],

    "dom-serializer": ["dom-serializer@2.0.0", "", { "dependencies": { "domelementtype": "^2.3.0", "domhandler": "^5.0.2", "entities": "^4.2.0" } }, "sha512-wIkAryiqt/nV5EQKqQpo3SToSOV9J0DnbJqwK7Wv/Trc92zIAYZ4FlMu+JPFW1DfGFt81ZTCGgDEabffXeLyJg=="],

    "domelementtype": ["domelementtype@2.3.0", "", {}, "sha512-OLETBj6w0OsagBwdXnPdN0cnMfF9opN69co+7ZrbfPGrdpPVNBUj02spi6B1N7wChLQiPn4CSH/zJvXw56gmHw=="],

    "domhandler": ["domhandler@5.0.3", "", { "dependencies": { "domelementtype": "^2.3.0" } }, "sha512-cgwlv/1iFQiFnU96XXgROh8xTeetsnJiDsTc7TYCLFd9+/WNkIqPTxiM/8pSd8VIrhXGTf1Ny1q1hquVqDJB5w=="],

    "domutils": ["domutils@3.2.2", "", { "dependencies": { "dom-serializer": "^2.0.0", "domelementtype": "^2.3.0", "domhandler": "^5.0.3" } }, "sha512-6kZKyUajlDuqlHKVX1w7gyslj9MPIXzIFiz/rGu35uC1wMi+kMhQwGhl4lt9unC9Vb9INnY9Z3/ZA3+FhASLaw=="],

    "encoding-sniffer": ["encoding-sniffer@0.2.1", "", { "dependencies": { "iconv-lite": "^0.6.3", "whatwg-encoding": "^3.1.1" } }, "sha512-5gvq20T6vfpekVtqrYQsSCFZ1wEg5+wW0/QaZMWkFr6BqD3NfKs0rLCx4rrVlSWJeZb5NBJgVLswK/w2MWU+Gw=="],

    "entities": ["entities@4.5.0", "", {}, "sha512-V0hjH4dGPh9Ao5p0MoRY6BVqtwCjhz6vI5LT8AJ55H+4g9/4vbHx1I54fS0XuclLhDHArPQCiMjDxjaL8fPxhw=="],

    "execa": ["execa@5.1.1", "", { "dependencies": { "cross-spawn": "^7.0.3", "get-stream": "^6.0.0", "human-signals": "^2.1.0", "is-stream": "^2.0.0", "merge-stream": "^2.0.0", "npm-run-path": "^4.0.1", "onetime": "^5.1.2", "signal-exit": "^3.0.3", "strip-final-newline": "^2.0.0" } }, "sha512-8uSpZZocAZRBAPIEINJj3Lo9HyGitllczc27Eh5YYojjMFMn8yHMDMaUHE2Jqfq05D/wucwI4JGURyXt1vchyg=="],

    "fast-glob": ["fast-glob@3.3.3", "", { "dependencies": { "@nodelib/fs.stat": "^2.0.2", "@nodelib/fs.walk": "^1.2.3", "glob-parent": "^5.1.2", "merge2": "^1.3.0", "micromatch": "^4.0.8" } }, "sha512-7MptL8U0cqcFdzIzwOTHoilX9x5BrNqye7Z/LuC7kCMRio1EMSyqRK3BEAUD7sXRq4iT4AzTVuZdhgQ2TCvYLg=="],

    "fastq": ["fastq@1.20.1", "", { "dependencies": { "reusify": "^1.0.4" } }, "sha512-GGToxJ/w1x32s/D2EKND7kTil4n8OVk/9mycTc4VDza13lOvpUZTGX3mFSCtV9ksdGBVzvsyAVLM6mHFThxXxw=="],

    "fd-package-json": ["fd-package-json@2.0.0", "", { "dependencies": { "walk-up-path": "^4.0.0" } }, "sha512-jKmm9YtsNXN789RS/0mSzOC1NUq9mkVd65vbSSVsKdjGvYXBuE4oWe2QOEoFeRmJg+lPuZxpmrfFclNhoRMneQ=="],

    "fill-range": ["fill-range@7.1.1", "", { "dependencies": { "to-regex-range": "^5.0.1" } }, "sha512-YsGpe3WHLK8ZYi4tWDg2Jy3ebRz2rXowDxnld4bkQB00cc/1Zw9AWnC0i9ztDJitivtQvaI9KaLyKrc+hBW0yg=="],

    "formatly": ["formatly@0.3.0", "", { "dependencies": { "fd-package-json": "^2.0.0" }, "bin": { "formatly": "bin/index.mjs" } }, "sha512-9XNj/o4wrRFyhSMJOvsuyMwy8aUfBaZ1VrqHVfohyXf0Sw0e+yfKG+xZaY3arGCOMdwFsqObtzVOc1gU9KiT9w=="],

    "get-stream": ["get-stream@6.0.1", "", {}, "sha512-ts6Wi+2j3jQjqi70w5AlN8DFnkSwC+MqmxEzdEALB2qXZYV3X/b1CTfgPLGJNMeAWxdPfU8FO1ms3NUfaHCPYg=="],

    "glob-parent": ["glob-parent@5.1.2", "", { "dependencies": { "is-glob": "^4.0.1" } }, "sha512-AOIgSQCepiJYwP3ARnGx+5VnTu2HBYdzbGP45eLw1vr3zB3vZLeyed1sC9hnbcOc9/SrMyM5RPQrkGz4aS9Zow=="],

    "htmlparser2": ["htmlparser2@10.1.0", "", { "dependencies": { "domelementtype": "^2.3.0", "domhandler": "^5.0.3", "domutils": "^3.2.2", "entities": "^7.0.1" } }, "sha512-VTZkM9GWRAtEpveh7MSF6SjjrpNVNNVJfFup7xTY3UpFtm67foy9HDVXneLtFVt4pMz5kZtgNcvCniNFb1hlEQ=="],

    "human-signals": ["human-signals@2.1.0", "", {}, "sha512-B4FFZ6q/T2jhhksgkbEW3HBvWIfDW85snkQgawt07S7J5QXTk6BkNV+0yAeZrM5QpMAdYlocGoljn0sJ/WQkFw=="],

    "iconv-lite": ["iconv-lite@0.6.3", "", { "dependencies": { "safer-buffer": ">= 2.1.2 < 3.0.0" } }, "sha512-4fCk79wshMdzMp2rH06qWrJE4iolqLhCUH+OiuIgU++RB0+94NlDL81atO7GX55uUKueo0txHNtvEyI6D7WdMw=="],

    "is-extglob": ["is-extglob@2.1.1", "", {}, "sha512-SbKbANkN603Vi4jEZv49LeVJMn4yGwsbzZworEoyEiutsN3nJYdbO36zfhGJ6QEDpOZIFkDtnq5JRxmvl3jsoQ=="],

    "is-glob": ["is-glob@4.0.3", "", { "dependencies": { "is-extglob": "^2.1.1" } }, "sha512-xelSayHH36ZgE7ZWhli7pW34hNbNl8Ojv5KVmkJD4hBdD3th8Tfk9vYasLM+mXWOZhFkgZfxhLSnrwRr4elSSg=="],

    "is-number": ["is-number@7.0.0", "", {}, "sha512-41Cifkg6e8TylSpdtTpeLVMqvSBEVzTttHvERD741+pnZ8ANv0004MRL43QKPDlK9cGvNp6NZWZUBlbGXYxxng=="],

    "is-stream": ["is-stream@2.0.1", "", {}, "sha512-hFoiJiTl63nn+kstHGBtewWSKnQLpyb155KHheA1l39uvtO9nWIop1p3udqPcUd/xbF1VLMO4n7OI6p7RbngDg=="],

    "isexe": ["isexe@2.0.0", "", {}, "sha512-RHxMLp9lnKHGHRng9QFhRCMbYAcVpn69smSGcq3f36xjgVVWThj4qqLbTLlq7Ssj8B+fIQ1EuCEGI2lKsyQeIw=="],

    "jiti": ["jiti@2.6.1", "", { "bin": { "jiti": "lib/jiti-cli.mjs" } }, "sha512-ekilCSN1jwRvIbgeg/57YFh8qQDNbwDb9xT/qu2DAHbFFZUicIl4ygVaAvzveMhMVr3LnpSKTNnwt8PoOfmKhQ=="],

    "js-yaml": ["js-yaml@4.1.1", "", { "dependencies": { "argparse": "^2.0.1" }, "bin": { "js-yaml": "bin/js-yaml.js" } }, "sha512-qQKT4zQxXl8lLwBtHMWwaTcGfFOZviOJet3Oy/xmGk2gZH677CJM9EvtfdSkgWcATZhj/55JZ0rmy3myCT5lsA=="],

    "knip": ["knip@5.83.1", "", { "dependencies": { "@nodelib/fs.walk": "^1.2.3", "fast-glob": "^3.3.3", "formatly": "^0.3.0", "jiti": "^2.6.0", "js-yaml": "^4.1.1", "minimist": "^1.2.8", "oxc-resolver": "^11.15.0", "picocolors": "^1.1.1", "picomatch": "^4.0.1", "smol-toml": "^1.5.2", "strip-json-comments": "5.0.3", "zod": "^4.1.11" }, "peerDependencies": { "@types/node": ">=18", "typescript": ">=5.0.4 <7" }, "bin": { "knip": "bin/knip.js", "knip-bun": "bin/knip-bun.js" } }, "sha512-av3ZG/Nui6S/BNL8Tmj12yGxYfTnwWnslouW97m40him7o8MwiMjZBY9TPvlEWUci45aVId0/HbgTwSKIDGpMw=="],

    "lefthook": ["lefthook@2.1.1", "", { "optionalDependencies": { "lefthook-darwin-arm64": "2.1.1", "lefthook-darwin-x64": "2.1.1", "lefthook-freebsd-arm64": "2.1.1", "lefthook-freebsd-x64": "2.1.1", "lefthook-linux-arm64": "2.1.1", "lefthook-linux-x64": "2.1.1", "lefthook-openbsd-arm64": "2.1.1", "lefthook-openbsd-x64": "2.1.1", "lefthook-windows-arm64": "2.1.1", "lefthook-windows-x64": "2.1.1" }, "bin": { "lefthook": "bin/index.js" } }, "sha512-Tl9h9c+sG3ShzTHKuR3LAIblnnh+Mgxnm2Ul7yu9cu260Z27LEbO3V6Zw4YZFP59/2rlD42pt/llYsQCkkCFzw=="],

    "lefthook-darwin-arm64": ["lefthook-darwin-arm64@2.1.1", "", { "os": "darwin", "cpu": "arm64" }, "sha512-O/RS1j03/Fnq5zCzEb2r7UOBsqPeBuf1C5pMkIJcO4TSE6hf3rhLUkcorKc2M5ni/n5zLGtzQUXHV08/fSAT3Q=="],

    "lefthook-darwin-x64": ["lefthook-darwin-x64@2.1.1", "", { "os": "darwin", "cpu": "x64" }, "sha512-mm/kdKl81ROPoYnj9XYk5JDqj+/6Al8w/SSPDfhItkLJyl4pqS+hWUOP6gDGrnuRk8S0DvJ2+hzhnDsQnZohWQ=="],

    "lefthook-freebsd-arm64": ["lefthook-freebsd-arm64@2.1.1", "", { "os": "freebsd", "cpu": "arm64" }, "sha512-F7JXlKmjxGqGbCWPLND0bVB4DMQezIe48pEwTlUQZbxh450c2gP5Q8FdttMZKOT163kBGGTqJAJSEC6zW+QSxA=="],

    "lefthook-freebsd-x64": ["lefthook-freebsd-x64@2.1.1", "", { "os": "freebsd", "cpu": "x64" }, "sha512-Po8/lJMqNzKSZPuEI46dLuWoBoXtAxCuRpeOh6DAV/M4RhBynaCu8rLMZ9BqF7cVbZEWoplOmYo6HdOuiYpCkQ=="],

    "lefthook-linux-arm64": ["lefthook-linux-arm64@2.1.1", "", { "os": "linux", "cpu": "arm64" }, "sha512-mI2ljFgPEqHxI8vrN9nKgnVu63Rz1KisDbPwlvs7BTYNwq3sncdK5ukpGR4zzWdh6saNJ5tCtHEtep5GQI11nw=="],

    "lefthook-linux-x64": ["lefthook-linux-x64@2.1.1", "", { "os": "linux", "cpu": "x64" }, "sha512-m3G/FaxC+crxeg9XeaUuHfEoL+i9gbkg2Hp2KD2IcVVIxprqlyqf0Hb8zbLV2NMXuo5RSGokJu44oAoTO3Ou2g=="],

    "lefthook-openbsd-arm64": ["lefthook-openbsd-arm64@2.1.1", "", { "os": "openbsd", "cpu": "arm64" }, "sha512-gz/8FJPvhjOdOFt1GmFvuvDOe+W+BBRjoeAT1/mTgkN7HCXMXgqNjjvakQKQeGz1I1v08wXG1ZNf5y+T9XBCDQ=="],

    "lefthook-openbsd-x64": ["lefthook-openbsd-x64@2.1.1", "", { "os": "openbsd", "cpu": "x64" }, "sha512-ch3lyMUtbmtWUufaQVn4IoEs/2hjK51XqaCdY1mh5ca//VctR1peknIwQ5feHu+vATCDviWQ7HsdNDewm3HMPg=="],

    "lefthook-windows-arm64": ["lefthook-windows-arm64@2.1.1", "", { "os": "win32", "cpu": "arm64" }, "sha512-mm3PZhKDs9FE/jQDimkfWxtoj9xQ2k8uw2MdhtC825bhvIh+MEi0WFj/MOW+ug0RBg0I55tGYzZ5aVuozAWpTQ=="],

    "lefthook-windows-x64": ["lefthook-windows-x64@2.1.1", "", { "os": "win32", "cpu": "x64" }, "sha512-1L2oGIzmhfOTxfwbe5mpSQ+m3ilpvGNymwIhn4UHq6hwHsUL6HEhODqx02GfBn6OXpVIr56bvdBAusjL/SVYGQ=="],

    "merge-stream": ["merge-stream@2.0.0", "", {}, "sha512-abv/qOcuPfk3URPfDzmZU1LKmuw8kT+0nIHvKrKgFrwifol/doWcdA4ZqsWQ8ENrFKkd67Mfpo/LovbIUsbt3w=="],

    "merge2": ["merge2@1.4.1", "", {}, "sha512-8q7VEgMJW4J8tcfVPy8g09NcQwZdbwFEqhe/WZkoIzjn/3TGDwtOCYtXGxA3O8tPzpczCCDgv+P2P5y00ZJOOg=="],

    "micromatch": ["micromatch@4.0.8", "", { "dependencies": { "braces": "^3.0.3", "picomatch": "^2.3.1" } }, "sha512-PXwfBhYu0hBCPw8Dn0E+WDYb7af3dSLVWKi3HGv84IdF4TyFoC0ysxFd0Goxw7nSv4T/PzEJQxsYsEiFCKo2BA=="],

    "mimic-fn": ["mimic-fn@2.1.0", "", {}, "sha512-OqbOk5oEQeAZ8WXWydlu9HJjz9WVdEIvamMCcXmuqUYjTknH/sqsWvhQ3vgwKFRR1HpjvNBKQ37nbJgYzGqGcg=="],

    "minimist": ["minimist@1.2.8", "", {}, "sha512-2yyAR8qBkN3YuheJanUpWC5U3bb5osDywNB8RzDVlDwDHbocAJveqqj1u8+SVD7jkWT4yvsHCpWqqWqAxb0zCA=="],

    "npm-run-path": ["npm-run-path@4.0.1", "", { "dependencies": { "path-key": "^3.0.0" } }, "sha512-S48WzZW777zhNIrn7gxOlISNAqi9ZC/uQFnRdbeIHhZhCA6UqpkOT8T1G7BvfdgP4Er8gF4sUbaS0i7QvIfCWw=="],

    "nth-check": ["nth-check@2.1.1", "", { "dependencies": { "boolbase": "^1.0.0" } }, "sha512-lqjrjmaOoAnWfMmBPL+XNnynZh2+swxiX3WUE0s4yEHI6m+AwrK2UZOimIRl3X/4QctVqS8AiZjFqyOGrMXb/w=="],

    "onetime": ["onetime@5.1.2", "", { "dependencies": { "mimic-fn": "^2.1.0" } }, "sha512-kbpaSSGJTWdAY5KPVeMOKXSrPtr8C8C7wodJbcsd51jRnmD+GZu8Y0VoU6Dm5Z4vWr0Ig/1NKuWRKf7j5aaYSg=="],

    "oxc-resolver": ["oxc-resolver@11.17.1", "", { "optionalDependencies": { "@oxc-resolver/binding-android-arm-eabi": "11.17.1", "@oxc-resolver/binding-android-arm64": "11.17.1", "@oxc-resolver/binding-darwin-arm64": "11.17.1", "@oxc-resolver/binding-darwin-x64": "11.17.1", "@oxc-resolver/binding-freebsd-x64": "11.17.1", "@oxc-resolver/binding-linux-arm-gnueabihf": "11.17.1", "@oxc-resolver/binding-linux-arm-musleabihf": "11.17.1", "@oxc-resolver/binding-linux-arm64-gnu": "11.17.1", "@oxc-resolver/binding-linux-arm64-musl": "11.17.1", "@oxc-resolver/binding-linux-ppc64-gnu": "11.17.1", "@oxc-resolver/binding-linux-riscv64-gnu": "11.17.1", "@oxc-resolver/binding-linux-riscv64-musl": "11.17.1", "@oxc-resolver/binding-linux-s390x-gnu": "11.17.1", "@oxc-resolver/binding-linux-x64-gnu": "11.17.1", "@oxc-resolver/binding-linux-x64-musl": "11.17.1", "@oxc-resolver/binding-openharmony-arm64": "11.17.1", "@oxc-resolver/binding-wasm32-wasi": "11.17.1", "@oxc-resolver/binding-win32-arm64-msvc": "11.17.1", "@oxc-resolver/binding-win32-ia32-msvc": "11.17.1", "@oxc-resolver/binding-win32-x64-msvc": "11.17.1" } }, "sha512-pyRXK9kH81zKlirHufkFhOFBZRks8iAMLwPH8gU7lvKFiuzUH9L8MxDEllazwOb8fjXMcWjY1PMDfMJ2/yh5cw=="],

    "parse5": ["parse5@7.3.0", "", { "dependencies": { "entities": "^6.0.0" } }, "sha512-IInvU7fabl34qmi9gY8XOVxhYyMyuH2xUNpb2q8/Y+7552KlejkRvqvD19nMoUW/uQGGbqNpA6Tufu5FL5BZgw=="],

    "parse5-htmlparser2-tree-adapter": ["parse5-htmlparser2-tree-adapter@7.1.0", "", { "dependencies": { "domhandler": "^5.0.3", "parse5": "^7.0.0" } }, "sha512-ruw5xyKs6lrpo9x9rCZqZZnIUntICjQAd0Wsmp396Ul9lN/h+ifgVV1x1gZHi8euej6wTfpqX8j+BFQxF0NS/g=="],

    "parse5-parser-stream": ["parse5-parser-stream@7.1.2", "", { "dependencies": { "parse5": "^7.0.0" } }, "sha512-JyeQc9iwFLn5TbvvqACIF/VXG6abODeB3Fwmv/TGdLk2LfbWkaySGY72at4+Ty7EkPZj854u4CrICqNk2qIbow=="],

    "path-key": ["path-key@3.1.1", "", {}, "sha512-ojmeN0qd+y0jszEtoY48r0Peq5dwMEkIlCOu6Q5f41lfkswXuKtYrhgoTpLnyIcHm24Uhqx+5Tqm2InSwLhE6Q=="],

    "picocolors": ["picocolors@1.1.1", "", {}, "sha512-xceH2snhtb5M9liqDsmEw56le376mTZkEX/jEb/RxNFyegNul7eNslCXP9FDj/Lcu0X8KEyMceP2ntpaHrDEVA=="],

    "picomatch": ["picomatch@4.0.3", "", {}, "sha512-5gTmgEY/sqK6gFXLIsQNH19lWb4ebPDLA4SdLP7dsWkIXHWlG66oPuVvXSGFPppYZz8ZDZq0dYYrbHfBCVUb1Q=="],

    "queue-microtask": ["queue-microtask@1.2.3", "", {}, "sha512-NuaNSa6flKT5JaSYQzJok04JzTL1CA6aGhv5rfLW3PgqA+M2ChpZQnAC8h8i4ZFkBS8X5RqkDBHA7r4hej3K9A=="],

    "reusify": ["reusify@1.1.0", "", {}, "sha512-g6QUff04oZpHs0eG5p83rFLhHeV00ug/Yf9nZM6fLeUrPguBTkTQOdpAWWspMh55TZfVQDPaN3NQJfbVRAxdIw=="],

    "run-parallel": ["run-parallel@1.2.0", "", { "dependencies": { "queue-microtask": "^1.2.2" } }, "sha512-5l4VyZR86LZ/lDxZTR6jqL8AFE2S0IFLMP26AbjsLVADxHdhB/c0GUsH+y39UfCi3dzz8OlQuPmnaJOMoDHQBA=="],

    "safer-buffer": ["safer-buffer@2.1.2", "", {}, "sha512-YZo3K82SD7Riyi0E1EQPojLz7kpepnSQI9IyPbHHg1XXXevb5dJI7tpyN2ADxGcQbHG7vcyRHk0cbwqcQriUtg=="],

    "shebang-command": ["shebang-command@2.0.0", "", { "dependencies": { "shebang-regex": "^3.0.0" } }, "sha512-kHxr2zZpYtdmrN1qDjrrX/Z1rR1kG8Dx+gkpK1G4eXmvXswmcE1hTWBWYUzlraYw1/yZp6YuDY77YtvbN0dmDA=="],

    "shebang-regex": ["shebang-regex@3.0.0", "", {}, "sha512-7++dFhtcx3353uBaq8DDR4NuxBetBzC7ZQOhmTQInHEd6bSrXdiEyzCvG07Z44UYdLShWUyXt5M/yhz8ekcb1A=="],

    "shelljs": ["shelljs@0.10.0", "", { "dependencies": { "execa": "^5.1.1", "fast-glob": "^3.3.2" } }, "sha512-Jex+xw5Mg2qMZL3qnzXIfaxEtBaC4n7xifqaqtrZDdlheR70OGkydrPJWT0V1cA1k3nanC86x9FwAmQl6w3Klw=="],

    "signal-exit": ["signal-exit@3.0.7", "", {}, "sha512-wnD2ZE+l+SPC/uoS0vXeE9L1+0wuaMqKlfz9AMUo38JsyLSBWSFcHR1Rri62LZc12vLr1gb3jl7iwQhgwpAbGQ=="],

    "smol-toml": ["smol-toml@1.6.0", "", {}, "sha512-4zemZi0HvTnYwLfrpk/CF9LOd9Lt87kAt50GnqhMpyF9U3poDAP2+iukq2bZsO/ufegbYehBkqINbsWxj4l4cw=="],

    "strip-final-newline": ["strip-final-newline@2.0.0", "", {}, "sha512-BrpvfNAE3dcvq7ll3xVumzjKjZQ5tI1sEUIKr3Uoks0XUl45St3FlatVqef9prk4jRDzhW6WZg+3bk93y6pLjA=="],

    "strip-json-comments": ["strip-json-comments@5.0.3", "", {}, "sha512-1tB5mhVo7U+ETBKNf92xT4hrQa3pm0MZ0PQvuDnWgAAGHDsfp4lPSpiS6psrSiet87wyGPh9ft6wmhOMQ0hDiw=="],

    "to-regex-range": ["to-regex-range@5.0.1", "", { "dependencies": { "is-number": "^7.0.0" } }, "sha512-65P7iz6X5yEr1cwcgvQxbbIw7Uk3gOy5dIdtZ4rDveLqhrdJP+Li/Hx6tyK0NEb+2GCyneCMJiGqrADCSNk8sQ=="],

    "tslib": ["tslib@2.8.1", "", {}, "sha512-oJFu94HQb+KVduSUQL7wnpmqnfmLsOA/nAh6b6EH0wCEoK0/mPeXU6c3wKDV83MkOuHPRHtSXKKU99IBazS/2w=="],

    "typescript": ["typescript@5.9.3", "", { "bin": { "tsc": "bin/tsc", "tsserver": "bin/tsserver" } }, "sha512-jl1vZzPDinLr9eUt3J/t7V6FgNEw9QjvBPdysz9KfQDD41fQrC2Y4vKQdiaUpFT4bXlb1RHhLpp8wtm6M5TgSw=="],

    "undici": ["undici@7.22.0", "", {}, "sha512-RqslV2Us5BrllB+JeiZnK4peryVTndy9Dnqq62S3yYRRTj0tFQCwEniUy2167skdGOy3vqRzEvl1Dm4sV2ReDg=="],

    "undici-types": ["undici-types@7.16.0", "", {}, "sha512-Zz+aZWSj8LE6zoxD+xrjh4VfkIG8Ya6LvYkZqtUQGJPZjYl53ypCaUwWqo7eI0x66KBGeRo+mlBEkMSeSZ38Nw=="],

    "walk-up-path": ["walk-up-path@4.0.0", "", {}, "sha512-3hu+tD8YzSLGuFYtPRb48vdhKMi0KQV5sn+uWr8+7dMEq/2G/dtLrdDinkLjqq5TIbIBjYJ4Ax/n3YiaW7QM8A=="],

    "whatwg-encoding": ["whatwg-encoding@3.1.1", "", { "dependencies": { "iconv-lite": "0.6.3" } }, "sha512-6qN4hJdMwfYBtE3YBTTHhoeuUrDBPZmbQaxWAqSALV/MeEnR5z1xd8UKud2RAkFoPkmB+hli1TZSnyi84xz1vQ=="],

    "whatwg-mimetype": ["whatwg-mimetype@4.0.0", "", {}, "sha512-QaKxh0eNIi2mE9p2vEdzfagOKHCcj1pJ56EEHGQOVxp8r9/iszLUUV7v89x9O1p/T+NlTM5W7jW6+cz4Fq1YVg=="],

    "which": ["which@2.0.2", "", { "dependencies": { "isexe": "^2.0.0" }, "bin": { "node-which": "./bin/node-which" } }, "sha512-BLI3Tl1TW3Pvl70l3yq3Y64i+awpwXqsGBYWkkqMtnbXgrMD+yj7rhW0kuEDxzJaYXGjEW5ogapKNMEKNMjibA=="],

    "xpath": ["xpath@0.0.34", "", {}, "sha512-FxF6+rkr1rNSQrhUNYrAFJpRXNzlDoMxeXN5qI84939ylEv3qqPFKa85Oxr6tDaJKqwW6KKyo2v26TSv3k6LeA=="],

    "zod": ["zod@4.3.6", "", {}, "sha512-rftlrkhHZOcjDwkGlnUtZZkvaPHCsDATp4pGpuOOMDaTdDDXF91wuVDJoWoPsKX/3YPQ5fHuF3STjcYyKr+Qhg=="],

    "htmlparser2/entities": ["entities@7.0.1", "", {}, "sha512-TWrgLOFUQTH994YUyl1yT4uyavY5nNB5muff+RtWaqNVCAK408b5ZnnbNAUEWLTCpum9w6arT70i1XdQ4UeOPA=="],

    "micromatch/picomatch": ["picomatch@2.3.1", "", {}, "sha512-JU3teHTNjmE2VCGFzuY8EXzCDVwEqB2a8fsIvwaStHhAWJEeVd1o1QD80CU6+ZdEXXSLbSsuLwJjkCBWqRQUVA=="],

    "parse5/entities": ["entities@6.0.1", "", {}, "sha512-aN97NXWF6AWBTahfVOIrB/NShkzi5H7F9r1s9mD3cDj4Ko5f2qhhVoYMibXF7GlLveb/D2ioWay8lxI97Ven3g=="],
  }
}
